// !$*UTF8*$!
{
	archiveVersion = 1;
	classes = {
	};
	objectVersion = 46;
	objects = {

/* Begin PBXBuildFile section */
		2991D66A82B2AF8F0DF2BBFD /* ofxLuaFileWriter.cpp in Sources */ = {isa = PBXBuildFile; fileRef = 9BCCBA18FA85C5A2A68DC1E5 /* ofxLuaFileWriter.cpp */; };
		BBAB23CB13894F3D00AA2426 /* GLUT.framework in CopyFiles */ = {isa = PBXBuildFile; fileRef = BBAB23BE13894E4700AA2426 /* GLUT.framework */; };
		CB6DAEA8EE562CFFA503375D /* ofxLua.cpp in Sources */ = {isa = PBXBuildFile; fileRef = DC94311C7CEBBF025EAB0087 /* ofxLua.cpp */; };
		E4328149138ABC9F0047C5CB /* openFrameworksDebug.a in Frameworks */ = {isa = PBXBuildFile; fileRef = E4328148138ABC890047C5CB /* openFrameworksDebug.a */; };
		E45BE97B0E8CC7DD009D7055 /* AGL.framework in Frameworks */ = {isa = PBXBuildFile; fileRef = E45BE9710E8CC7DD009D7055 /* AGL.framework */; };
		E45BE97C0E8CC7DD009D7055 /* ApplicationServices.framework in Frameworks */ = {isa = PBXBuildFile; fileRef = E45BE9720E8CC7DD009D7055 /* ApplicationServices.framework */; };
		E45BE97D0E8CC7DD009D7055 /* AudioToolbox.framework in Frameworks */ = {isa = PBXBuildFile; fileRef = E45BE9730E8CC7DD009D7055 /* AudioToolbox.framework */; };
		E45BE97E0E8CC7DD009D7055 /* Carbon.framework in Frameworks */ = {isa = PBXBuildFile; fileRef = E45BE9740E8CC7DD009D7055 /* Carbon.framework */; };
		E45BE97F0E8CC7DD009D7055 /* CoreAudio.framework in Frameworks */ = {isa = PBXBuildFile; fileRef = E45BE9750E8CC7DD009D7055 /* CoreAudio.framework */; };
		E45BE9800E8CC7DD009D7055 /* CoreFoundation.framework in Frameworks */ = {isa = PBXBuildFile; fileRef = E45BE9760E8CC7DD009D7055 /* CoreFoundation.framework */; };
		E45BE9810E8CC7DD009D7055 /* CoreServices.framework in Frameworks */ = {isa = PBXBuildFile; fileRef = E45BE9770E8CC7DD009D7055 /* CoreServices.framework */; };
		E45BE9830E8CC7DD009D7055 /* OpenGL.framework in Frameworks */ = {isa = PBXBuildFile; fileRef = E45BE9790E8CC7DD009D7055 /* OpenGL.framework */; };
		E45BE9840E8CC7DD009D7055 /* QuickTime.framework in Frameworks */ = {isa = PBXBuildFile; fileRef = E45BE97A0E8CC7DD009D7055 /* QuickTime.framework */; };
		E4B69E200A3A1BDC003C02F2 /* main.cpp in Sources */ = {isa = PBXBuildFile; fileRef = E4B69E1D0A3A1BDC003C02F2 /* main.cpp */; };
		E4B69E210A3A1BDC003C02F2 /* ofApp.cpp in Sources */ = {isa = PBXBuildFile; fileRef = E4B69E1E0A3A1BDC003C02F2 /* ofApp.cpp */; };
		E4C2424710CC5A17004149E2 /* AppKit.framework in Frameworks */ = {isa = PBXBuildFile; fileRef = E4C2424410CC5A17004149E2 /* AppKit.framework */; };
		E4C2424810CC5A17004149E2 /* Cocoa.framework in Frameworks */ = {isa = PBXBuildFile; fileRef = E4C2424510CC5A17004149E2 /* Cocoa.framework */; };
		E4C2424910CC5A17004149E2 /* IOKit.framework in Frameworks */ = {isa = PBXBuildFile; fileRef = E4C2424610CC5A17004149E2 /* IOKit.framework */; };
		E4EB6799138ADC1D00A09F29 /* GLUT.framework in Frameworks */ = {isa = PBXBuildFile; fileRef = BBAB23BE13894E4700AA2426 /* GLUT.framework */; };
		E7E077E515D3B63C0020DFD4 /* CoreVideo.framework in Frameworks */ = {isa = PBXBuildFile; fileRef = E7E077E415D3B63C0020DFD4 /* CoreVideo.framework */; };
		E7E077E815D3B6510020DFD4 /* QTKit.framework in Frameworks */ = {isa = PBXBuildFile; fileRef = E7E077E715D3B6510020DFD4 /* QTKit.framework */; };
		E7F985F815E0DEA3003869B5 /* Accelerate.framework in Frameworks */ = {isa = PBXBuildFile; fileRef = E7F985F515E0DE99003869B5 /* Accelerate.framework */; };
		E962815F1A5F5C9500E1C603 /* 3d.cpp in Sources */ = {isa = PBXBuildFile; fileRef = E96281541A5F5C9500E1C603 /* 3d.cpp */; };
		E96281601A5F5C9500E1C603 /* App.cpp in Sources */ = {isa = PBXBuildFile; fileRef = E96281551A5F5C9500E1C603 /* App.cpp */; };
		E96281611A5F5C9500E1C603 /* Events.cpp in Sources */ = {isa = PBXBuildFile; fileRef = E96281561A5F5C9500E1C603 /* Events.cpp */; };
		E96281621A5F5C9500E1C603 /* Gl.cpp in Sources */ = {isa = PBXBuildFile; fileRef = E96281571A5F5C9500E1C603 /* Gl.cpp */; };
		E96281631A5F5C9500E1C603 /* Graphics.cpp in Sources */ = {isa = PBXBuildFile; fileRef = E96281581A5F5C9500E1C603 /* Graphics.cpp */; };
		E96281641A5F5C9500E1C603 /* Math.cpp in Sources */ = {isa = PBXBuildFile; fileRef = E96281591A5F5C9500E1C603 /* Math.cpp */; };
		E96281651A5F5C9500E1C603 /* Sound.cpp in Sources */ = {isa = PBXBuildFile; fileRef = E962815B1A5F5C9500E1C603 /* Sound.cpp */; };
		E96281661A5F5C9500E1C603 /* Types.cpp in Sources */ = {isa = PBXBuildFile; fileRef = E962815C1A5F5C9500E1C603 /* Types.cpp */; };
		E96281671A5F5C9500E1C603 /* Utils.cpp in Sources */ = {isa = PBXBuildFile; fileRef = E962815D1A5F5C9500E1C603 /* Utils.cpp */; };
		E96281681A5F5C9500E1C603 /* Video.cpp in Sources */ = {isa = PBXBuildFile; fileRef = E962815E1A5F5C9500E1C603 /* Video.cpp */; };
		E96281AE1A5F653000E1C603 /* ofxEditor.cpp in Sources */ = {isa = PBXBuildFile; fileRef = E962819B1A5F653000E1C603 /* ofxEditor.cpp */; };
		E96281AF1A5F653000E1C603 /* ofxEditorColorScheme.cpp in Sources */ = {isa = PBXBuildFile; fileRef = E962819D1A5F653000E1C603 /* ofxEditorColorScheme.cpp */; };
		E96281B01A5F653000E1C603 /* ofxEditorSettings.cpp in Sources */ = {isa = PBXBuildFile; fileRef = E962819F1A5F653000E1C603 /* ofxEditorSettings.cpp */; };
		E96281B11A5F653000E1C603 /* ofxFileDialog.cpp in Sources */ = {isa = PBXBuildFile; fileRef = E96281A11A5F653000E1C603 /* ofxFileDialog.cpp */; };
		E96281B21A5F653000E1C603 /* ofxGLEditor.cpp in Sources */ = {isa = PBXBuildFile; fileRef = E96281A31A5F653000E1C603 /* ofxGLEditor.cpp */; };
		E96281B31A5F653000E1C603 /* ofxRepl.cpp in Sources */ = {isa = PBXBuildFile; fileRef = E96281A51A5F653000E1C603 /* ofxRepl.cpp */; };
		E96281B41A5F653000E1C603 /* Unicode.cpp in Sources */ = {isa = PBXBuildFile; fileRef = E96281A71A5F653000E1C603 /* Unicode.cpp */; };
/* End PBXBuildFile section */

/* Begin PBXContainerItemProxy section */
		E4328147138ABC890047C5CB /* PBXContainerItemProxy */ = {
			isa = PBXContainerItemProxy;
			containerPortal = E4328143138ABC890047C5CB /* openFrameworksLib.xcodeproj */;
			proxyType = 2;
			remoteGlobalIDString = E4B27C1510CBEB8E00536013;
			remoteInfo = openFrameworks;
		};
		E4EEB9AB138B136A00A80321 /* PBXContainerItemProxy */ = {
			isa = PBXContainerItemProxy;
			containerPortal = E4328143138ABC890047C5CB /* openFrameworksLib.xcodeproj */;
			proxyType = 1;
			remoteGlobalIDString = E4B27C1410CBEB8E00536013;
			remoteInfo = openFrameworks;
		};
		E962816E1A5F5C9F00E1C603 /* PBXContainerItemProxy */ = {
			isa = PBXContainerItemProxy;
			containerPortal = E96281691A5F5C9F00E1C603 /* luabind.xcodeproj */;
			proxyType = 2;
			remoteGlobalIDString = 302C279C142B0F8F0048A778;
			remoteInfo = lua;
		};
		E96281701A5F5C9F00E1C603 /* PBXContainerItemProxy */ = {
			isa = PBXContainerItemProxy;
			containerPortal = E96281691A5F5C9F00E1C603 /* luabind.xcodeproj */;
			proxyType = 2;
			remoteGlobalIDString = 302C278E142B0F6A0048A778;
			remoteInfo = luabind;
		};
/* End PBXContainerItemProxy section */

/* Begin PBXCopyFilesBuildPhase section */
		E4C2427710CC5ABF004149E2 /* CopyFiles */ = {
			isa = PBXCopyFilesBuildPhase;
			buildActionMask = 2147483647;
			dstPath = "";
			dstSubfolderSpec = 10;
			files = (
				BBAB23CB13894F3D00AA2426 /* GLUT.framework in CopyFiles */,
			);
			runOnlyForDeploymentPostprocessing = 0;
		};
/* End PBXCopyFilesBuildPhase section */

/* Begin PBXFileReference section */
		322182BFE7CEEE93073C559A /* boost.framework */ = {isa = PBXFileReference; fileEncoding = 30; lastKnownFileType = wrapper.framework; name = boost.framework; path = ../../../addons/ofxLua/libs/boost/ios/boost.framework; sourceTree = "<group>"; };
		654D9D3FD3248EFA16D6DDFB /* ofxLua.h */ = {isa = PBXFileReference; explicitFileType = sourcecode.c.h; fileEncoding = 30; name = ofxLua.h; path = ../../../addons/ofxLua/src/ofxLua.h; sourceTree = SOURCE_ROOT; };
		9BCCBA18FA85C5A2A68DC1E5 /* ofxLuaFileWriter.cpp */ = {isa = PBXFileReference; explicitFileType = sourcecode.cpp.cpp; fileEncoding = 30; name = ofxLuaFileWriter.cpp; path = ../../../addons/ofxLua/src/ofxLuaFileWriter.cpp; sourceTree = SOURCE_ROOT; };
		BBAB23BE13894E4700AA2426 /* GLUT.framework */ = {isa = PBXFileReference; lastKnownFileType = wrapper.framework; name = GLUT.framework; path = ../../../libs/glut/lib/osx/GLUT.framework; sourceTree = "<group>"; };
		DC94311C7CEBBF025EAB0087 /* ofxLua.cpp */ = {isa = PBXFileReference; explicitFileType = sourcecode.cpp.cpp; fileEncoding = 30; name = ofxLua.cpp; path = ../../../addons/ofxLua/src/ofxLua.cpp; sourceTree = SOURCE_ROOT; };
		E4328143138ABC890047C5CB /* openFrameworksLib.xcodeproj */ = {isa = PBXFileReference; lastKnownFileType = "wrapper.pb-project"; name = openFrameworksLib.xcodeproj; path = ../../../libs/openFrameworksCompiled/project/osx/openFrameworksLib.xcodeproj; sourceTree = SOURCE_ROOT; };
		E45BE9710E8CC7DD009D7055 /* AGL.framework */ = {isa = PBXFileReference; lastKnownFileType = wrapper.framework; name = AGL.framework; path = /System/Library/Frameworks/AGL.framework; sourceTree = "<absolute>"; };
		E45BE9720E8CC7DD009D7055 /* ApplicationServices.framework */ = {isa = PBXFileReference; lastKnownFileType = wrapper.framework; name = ApplicationServices.framework; path = /System/Library/Frameworks/ApplicationServices.framework; sourceTree = "<absolute>"; };
		E45BE9730E8CC7DD009D7055 /* AudioToolbox.framework */ = {isa = PBXFileReference; lastKnownFileType = wrapper.framework; name = AudioToolbox.framework; path = /System/Library/Frameworks/AudioToolbox.framework; sourceTree = "<absolute>"; };
		E45BE9740E8CC7DD009D7055 /* Carbon.framework */ = {isa = PBXFileReference; lastKnownFileType = wrapper.framework; name = Carbon.framework; path = /System/Library/Frameworks/Carbon.framework; sourceTree = "<absolute>"; };
		E45BE9750E8CC7DD009D7055 /* CoreAudio.framework */ = {isa = PBXFileReference; lastKnownFileType = wrapper.framework; name = CoreAudio.framework; path = /System/Library/Frameworks/CoreAudio.framework; sourceTree = "<absolute>"; };
		E45BE9760E8CC7DD009D7055 /* CoreFoundation.framework */ = {isa = PBXFileReference; lastKnownFileType = wrapper.framework; name = CoreFoundation.framework; path = /System/Library/Frameworks/CoreFoundation.framework; sourceTree = "<absolute>"; };
		E45BE9770E8CC7DD009D7055 /* CoreServices.framework */ = {isa = PBXFileReference; lastKnownFileType = wrapper.framework; name = CoreServices.framework; path = /System/Library/Frameworks/CoreServices.framework; sourceTree = "<absolute>"; };
		E45BE9790E8CC7DD009D7055 /* OpenGL.framework */ = {isa = PBXFileReference; lastKnownFileType = wrapper.framework; name = OpenGL.framework; path = /System/Library/Frameworks/OpenGL.framework; sourceTree = "<absolute>"; };
		E45BE97A0E8CC7DD009D7055 /* QuickTime.framework */ = {isa = PBXFileReference; lastKnownFileType = wrapper.framework; name = QuickTime.framework; path = /System/Library/Frameworks/QuickTime.framework; sourceTree = "<absolute>"; };
		E4B69B5B0A3A1756003C02F2 /* LivecodingExamplewithofxLuaDebug.app */ = {isa = PBXFileReference; explicitFileType = wrapper.application; includeInIndex = 0; path = LivecodingExamplewithofxLuaDebug.app; sourceTree = BUILT_PRODUCTS_DIR; };
		E4B69E1D0A3A1BDC003C02F2 /* main.cpp */ = {isa = PBXFileReference; fileEncoding = 30; lastKnownFileType = sourcecode.cpp.cpp; name = main.cpp; path = src/main.cpp; sourceTree = SOURCE_ROOT; };
		E4B69E1E0A3A1BDC003C02F2 /* ofApp.cpp */ = {isa = PBXFileReference; explicitFileType = sourcecode.cpp.cpp; fileEncoding = 30; name = ofApp.cpp; path = src/ofApp.cpp; sourceTree = SOURCE_ROOT; };
		E4B69E1F0A3A1BDC003C02F2 /* ofApp.h */ = {isa = PBXFileReference; fileEncoding = 30; lastKnownFileType = sourcecode.c.h; name = ofApp.h; path = src/ofApp.h; sourceTree = SOURCE_ROOT; };
		E4B6FCAD0C3E899E008CF71C /* openFrameworks-Info.plist */ = {isa = PBXFileReference; fileEncoding = 30; lastKnownFileType = text.plist.xml; path = "openFrameworks-Info.plist"; sourceTree = "<group>"; };
		E4C2424410CC5A17004149E2 /* AppKit.framework */ = {isa = PBXFileReference; lastKnownFileType = wrapper.framework; name = AppKit.framework; path = /System/Library/Frameworks/AppKit.framework; sourceTree = "<absolute>"; };
		E4C2424510CC5A17004149E2 /* Cocoa.framework */ = {isa = PBXFileReference; lastKnownFileType = wrapper.framework; name = Cocoa.framework; path = /System/Library/Frameworks/Cocoa.framework; sourceTree = "<absolute>"; };
		E4C2424610CC5A17004149E2 /* IOKit.framework */ = {isa = PBXFileReference; lastKnownFileType = wrapper.framework; name = IOKit.framework; path = /System/Library/Frameworks/IOKit.framework; sourceTree = "<absolute>"; };
		E4EB691F138AFCF100A09F29 /* CoreOF.xcconfig */ = {isa = PBXFileReference; fileEncoding = 4; lastKnownFileType = text.xcconfig; name = CoreOF.xcconfig; path = ../../../libs/openFrameworksCompiled/project/osx/CoreOF.xcconfig; sourceTree = SOURCE_ROOT; };
		E4EB6923138AFD0F00A09F29 /* Project.xcconfig */ = {isa = PBXFileReference; fileEncoding = 4; lastKnownFileType = text.xcconfig; path = Project.xcconfig; sourceTree = "<group>"; };
		E6197C6C6F1FCEB4F3565E7A /* ofxLuaFileWriter.h */ = {isa = PBXFileReference; explicitFileType = sourcecode.c.h; fileEncoding = 30; name = ofxLuaFileWriter.h; path = ../../../addons/ofxLua/src/ofxLuaFileWriter.h; sourceTree = SOURCE_ROOT; };
		E7E077E415D3B63C0020DFD4 /* CoreVideo.framework */ = {isa = PBXFileReference; lastKnownFileType = wrapper.framework; name = CoreVideo.framework; path = /System/Library/Frameworks/CoreVideo.framework; sourceTree = "<absolute>"; };
		E7E077E715D3B6510020DFD4 /* QTKit.framework */ = {isa = PBXFileReference; lastKnownFileType = wrapper.framework; name = QTKit.framework; path = /System/Library/Frameworks/QTKit.framework; sourceTree = "<absolute>"; };
		E7F985F515E0DE99003869B5 /* Accelerate.framework */ = {isa = PBXFileReference; lastKnownFileType = wrapper.framework; name = Accelerate.framework; path = /System/Library/Frameworks/Accelerate.framework; sourceTree = "<absolute>"; };
		E96281541A5F5C9500E1C603 /* 3d.cpp */ = {isa = PBXFileReference; fileEncoding = 4; lastKnownFileType = sourcecode.cpp.cpp; path = 3d.cpp; sourceTree = "<group>"; };
		E96281551A5F5C9500E1C603 /* App.cpp */ = {isa = PBXFileReference; fileEncoding = 4; lastKnownFileType = sourcecode.cpp.cpp; path = App.cpp; sourceTree = "<group>"; };
		E96281561A5F5C9500E1C603 /* Events.cpp */ = {isa = PBXFileReference; fileEncoding = 4; lastKnownFileType = sourcecode.cpp.cpp; path = Events.cpp; sourceTree = "<group>"; };
		E96281571A5F5C9500E1C603 /* Gl.cpp */ = {isa = PBXFileReference; fileEncoding = 4; lastKnownFileType = sourcecode.cpp.cpp; path = Gl.cpp; sourceTree = "<group>"; };
		E96281581A5F5C9500E1C603 /* Graphics.cpp */ = {isa = PBXFileReference; fileEncoding = 4; lastKnownFileType = sourcecode.cpp.cpp; path = Graphics.cpp; sourceTree = "<group>"; };
		E96281591A5F5C9500E1C603 /* Math.cpp */ = {isa = PBXFileReference; fileEncoding = 4; lastKnownFileType = sourcecode.cpp.cpp; path = Math.cpp; sourceTree = "<group>"; };
		E962815A1A5F5C9500E1C603 /* ofxLuaBindings.h */ = {isa = PBXFileReference; fileEncoding = 4; lastKnownFileType = sourcecode.c.h; path = ofxLuaBindings.h; sourceTree = "<group>"; };
		E962815B1A5F5C9500E1C603 /* Sound.cpp */ = {isa = PBXFileReference; fileEncoding = 4; lastKnownFileType = sourcecode.cpp.cpp; path = Sound.cpp; sourceTree = "<group>"; };
		E962815C1A5F5C9500E1C603 /* Types.cpp */ = {isa = PBXFileReference; fileEncoding = 4; lastKnownFileType = sourcecode.cpp.cpp; path = Types.cpp; sourceTree = "<group>"; };
		E962815D1A5F5C9500E1C603 /* Utils.cpp */ = {isa = PBXFileReference; fileEncoding = 4; lastKnownFileType = sourcecode.cpp.cpp; path = Utils.cpp; sourceTree = "<group>"; };
		E962815E1A5F5C9500E1C603 /* Video.cpp */ = {isa = PBXFileReference; fileEncoding = 4; lastKnownFileType = sourcecode.cpp.cpp; path = Video.cpp; sourceTree = "<group>"; };
		E96281691A5F5C9F00E1C603 /* luabind.xcodeproj */ = {isa = PBXFileReference; lastKnownFileType = "wrapper.pb-project"; name = luabind.xcodeproj; path = ../../../addons/ofxLua/libs/luabind.xcodeproj; sourceTree = "<group>"; };
		E962819B1A5F653000E1C603 /* ofxEditor.cpp */ = {isa = PBXFileReference; fileEncoding = 4; lastKnownFileType = sourcecode.cpp.cpp; path = ofxEditor.cpp; sourceTree = "<group>"; };
		E962819C1A5F653000E1C603 /* ofxEditor.h */ = {isa = PBXFileReference; fileEncoding = 4; lastKnownFileType = sourcecode.c.h; path = ofxEditor.h; sourceTree = "<group>"; };
		E962819D1A5F653000E1C603 /* ofxEditorColorScheme.cpp */ = {isa = PBXFileReference; fileEncoding = 4; lastKnownFileType = sourcecode.cpp.cpp; path = ofxEditorColorScheme.cpp; sourceTree = "<group>"; };
		E962819E1A5F653000E1C603 /* ofxEditorColorScheme.h */ = {isa = PBXFileReference; fileEncoding = 4; lastKnownFileType = sourcecode.c.h; path = ofxEditorColorScheme.h; sourceTree = "<group>"; };
		E962819F1A5F653000E1C603 /* ofxEditorSettings.cpp */ = {isa = PBXFileReference; fileEncoding = 4; lastKnownFileType = sourcecode.cpp.cpp; path = ofxEditorSettings.cpp; sourceTree = "<group>"; };
		E96281A01A5F653000E1C603 /* ofxEditorSettings.h */ = {isa = PBXFileReference; fileEncoding = 4; lastKnownFileType = sourcecode.c.h; path = ofxEditorSettings.h; sourceTree = "<group>"; };
		E96281A11A5F653000E1C603 /* ofxFileDialog.cpp */ = {isa = PBXFileReference; fileEncoding = 4; lastKnownFileType = sourcecode.cpp.cpp; path = ofxFileDialog.cpp; sourceTree = "<group>"; };
		E96281A21A5F653000E1C603 /* ofxFileDialog.h */ = {isa = PBXFileReference; fileEncoding = 4; lastKnownFileType = sourcecode.c.h; path = ofxFileDialog.h; sourceTree = "<group>"; };
		E96281A31A5F653000E1C603 /* ofxGLEditor.cpp */ = {isa = PBXFileReference; fileEncoding = 4; lastKnownFileType = sourcecode.cpp.cpp; path = ofxGLEditor.cpp; sourceTree = "<group>"; };
		E96281A41A5F653000E1C603 /* ofxGLEditor.h */ = {isa = PBXFileReference; fileEncoding = 4; lastKnownFileType = sourcecode.c.h; path = ofxGLEditor.h; sourceTree = "<group>"; };
		E96281A51A5F653000E1C603 /* ofxRepl.cpp */ = {isa = PBXFileReference; fileEncoding = 4; lastKnownFileType = sourcecode.cpp.cpp; path = ofxRepl.cpp; sourceTree = "<group>"; };
		E96281A61A5F653000E1C603 /* ofxRepl.h */ = {isa = PBXFileReference; fileEncoding = 4; lastKnownFileType = sourcecode.c.h; path = ofxRepl.h; sourceTree = "<group>"; };
		E96281A71A5F653000E1C603 /* Unicode.cpp */ = {isa = PBXFileReference; fileEncoding = 4; lastKnownFileType = sourcecode.cpp.cpp; path = Unicode.cpp; sourceTree = "<group>"; };
		E96281A81A5F653000E1C603 /* Unicode.h */ = {isa = PBXFileReference; fileEncoding = 4; lastKnownFileType = sourcecode.c.h; path = Unicode.h; sourceTree = "<group>"; };
/* End PBXFileReference section */

/* Begin PBXFrameworksBuildPhase section */
		E4B69B590A3A1756003C02F2 /* Frameworks */ = {
			isa = PBXFrameworksBuildPhase;
			buildActionMask = 2147483647;
			files = (
				E7F985F815E0DEA3003869B5 /* Accelerate.framework in Frameworks */,
				E7E077E815D3B6510020DFD4 /* QTKit.framework in Frameworks */,
				E4EB6799138ADC1D00A09F29 /* GLUT.framework in Frameworks */,
				E4328149138ABC9F0047C5CB /* openFrameworksDebug.a in Frameworks */,
				E45BE97B0E8CC7DD009D7055 /* AGL.framework in Frameworks */,
				E45BE97C0E8CC7DD009D7055 /* ApplicationServices.framework in Frameworks */,
				E45BE97D0E8CC7DD009D7055 /* AudioToolbox.framework in Frameworks */,
				E45BE97E0E8CC7DD009D7055 /* Carbon.framework in Frameworks */,
				E45BE97F0E8CC7DD009D7055 /* CoreAudio.framework in Frameworks */,
				E45BE9800E8CC7DD009D7055 /* CoreFoundation.framework in Frameworks */,
				E45BE9810E8CC7DD009D7055 /* CoreServices.framework in Frameworks */,
				E45BE9830E8CC7DD009D7055 /* OpenGL.framework in Frameworks */,
				E45BE9840E8CC7DD009D7055 /* QuickTime.framework in Frameworks */,
				E4C2424710CC5A17004149E2 /* AppKit.framework in Frameworks */,
				E4C2424810CC5A17004149E2 /* Cocoa.framework in Frameworks */,
				E4C2424910CC5A17004149E2 /* IOKit.framework in Frameworks */,
				E7E077E515D3B63C0020DFD4 /* CoreVideo.framework in Frameworks */,
			);
			runOnlyForDeploymentPostprocessing = 0;
		};
/* End PBXFrameworksBuildPhase section */

/* Begin PBXGroup section */
		13ED62F0CD3B889287749715 /* ofxLua */ = {
			isa = PBXGroup;
			children = (
				E96281691A5F5C9F00E1C603 /* luabind.xcodeproj */,
				F1F6E70C786CB409937E7F60 /* src */,
			);
			name = ofxLua;
			sourceTree = "<group>";
		};
		BB4B014C10F69532006C3DED /* addons */ = {
			isa = PBXGroup;
			children = (
				E96281781A5F653000E1C603 /* ofxGLEditor */,
				13ED62F0CD3B889287749715 /* ofxLua */,
			);
			name = addons;
			sourceTree = "<group>";
		};
		BBAB23C913894ECA00AA2426 /* system frameworks */ = {
			isa = PBXGroup;
			children = (
				E7F985F515E0DE99003869B5 /* Accelerate.framework */,
				E4C2424410CC5A17004149E2 /* AppKit.framework */,
				E4C2424510CC5A17004149E2 /* Cocoa.framework */,
				E4C2424610CC5A17004149E2 /* IOKit.framework */,
				E45BE9710E8CC7DD009D7055 /* AGL.framework */,
				E45BE9720E8CC7DD009D7055 /* ApplicationServices.framework */,
				E45BE9730E8CC7DD009D7055 /* AudioToolbox.framework */,
				E45BE9740E8CC7DD009D7055 /* Carbon.framework */,
				E45BE9750E8CC7DD009D7055 /* CoreAudio.framework */,
				E45BE9760E8CC7DD009D7055 /* CoreFoundation.framework */,
				E45BE9770E8CC7DD009D7055 /* CoreServices.framework */,
				E45BE9790E8CC7DD009D7055 /* OpenGL.framework */,
				E45BE97A0E8CC7DD009D7055 /* QuickTime.framework */,
				E7E077E415D3B63C0020DFD4 /* CoreVideo.framework */,
				E7E077E715D3B6510020DFD4 /* QTKit.framework */,
				322182BFE7CEEE93073C559A /* boost.framework */,
			);
			name = "system frameworks";
			sourceTree = "<group>";
		};
		BBAB23CA13894EDB00AA2426 /* 3rd party frameworks */ = {
			isa = PBXGroup;
			children = (
				BBAB23BE13894E4700AA2426 /* GLUT.framework */,
			);
			name = "3rd party frameworks";
			sourceTree = "<group>";
		};
		E4328144138ABC890047C5CB /* Products */ = {
			isa = PBXGroup;
			children = (
				E4328148138ABC890047C5CB /* openFrameworksDebug.a */,
			);
			name = Products;
			sourceTree = "<group>";
		};
		E45BE5980E8CC70C009D7055 /* frameworks */ = {
			isa = PBXGroup;
			children = (
				BBAB23CA13894EDB00AA2426 /* 3rd party frameworks */,
				BBAB23C913894ECA00AA2426 /* system frameworks */,
			);
			name = frameworks;
			sourceTree = "<group>";
		};
		E4B69B4A0A3A1720003C02F2 = {
			isa = PBXGroup;
			children = (
				E4B6FCAD0C3E899E008CF71C /* openFrameworks-Info.plist */,
				E4EB6923138AFD0F00A09F29 /* Project.xcconfig */,
				E4B69E1C0A3A1BDC003C02F2 /* src */,
				E4EEC9E9138DF44700A80321 /* openFrameworks */,
				BB4B014C10F69532006C3DED /* addons */,
				E45BE5980E8CC70C009D7055 /* frameworks */,
				E4B69B5B0A3A1756003C02F2 /* LivecodingExamplewithofxLuaDebug.app */,
			);
			sourceTree = "<group>";
		};
		E4B69E1C0A3A1BDC003C02F2 /* src */ = {
			isa = PBXGroup;
			children = (
				E4B69E1D0A3A1BDC003C02F2 /* main.cpp */,
				E4B69E1E0A3A1BDC003C02F2 /* ofApp.cpp */,
				E4B69E1F0A3A1BDC003C02F2 /* ofApp.h */,
			);
			path = src;
			sourceTree = SOURCE_ROOT;
		};
		E4EEC9E9138DF44700A80321 /* openFrameworks */ = {
			isa = PBXGroup;
			children = (
				E4EB691F138AFCF100A09F29 /* CoreOF.xcconfig */,
				E4328143138ABC890047C5CB /* openFrameworksLib.xcodeproj */,
			);
			name = openFrameworks;
			sourceTree = "<group>";
		};
		E96281531A5F5C9500E1C603 /* bindings */ = {
			isa = PBXGroup;
			children = (
				E96281541A5F5C9500E1C603 /* 3d.cpp */,
				E96281551A5F5C9500E1C603 /* App.cpp */,
				E96281561A5F5C9500E1C603 /* Events.cpp */,
				E96281571A5F5C9500E1C603 /* Gl.cpp */,
				E96281581A5F5C9500E1C603 /* Graphics.cpp */,
				E96281591A5F5C9500E1C603 /* Math.cpp */,
				E962815A1A5F5C9500E1C603 /* ofxLuaBindings.h */,
				E962815B1A5F5C9500E1C603 /* Sound.cpp */,
				E962815C1A5F5C9500E1C603 /* Types.cpp */,
				E962815D1A5F5C9500E1C603 /* Utils.cpp */,
				E962815E1A5F5C9500E1C603 /* Video.cpp */,
			);
			name = bindings;
			path = ../../../addons/ofxLua/src/bindings;
			sourceTree = "<group>";
		};
		E962816A1A5F5C9F00E1C603 /* Products */ = {
			isa = PBXGroup;
			children = (
				E962816F1A5F5C9F00E1C603 /* liblua.a */,
				E96281711A5F5C9F00E1C603 /* libluabind.a */,
			);
			name = Products;
			sourceTree = "<group>";
		};
		E96281781A5F653000E1C603 /* ofxGLEditor */ = {
			isa = PBXGroup;
			children = (
				E962819A1A5F653000E1C603 /* src */,
			);
			name = ofxGLEditor;
			path = ../../../addons/ofxGLEditor;
			sourceTree = "<group>";
		};
		E962819A1A5F653000E1C603 /* src */ = {
			isa = PBXGroup;
			children = (
				E962819B1A5F653000E1C603 /* ofxEditor.cpp */,
				E962819C1A5F653000E1C603 /* ofxEditor.h */,
				E962819D1A5F653000E1C603 /* ofxEditorColorScheme.cpp */,
				E962819E1A5F653000E1C603 /* ofxEditorColorScheme.h */,
				E962819F1A5F653000E1C603 /* ofxEditorSettings.cpp */,
				E96281A01A5F653000E1C603 /* ofxEditorSettings.h */,
				E96281A11A5F653000E1C603 /* ofxFileDialog.cpp */,
				E96281A21A5F653000E1C603 /* ofxFileDialog.h */,
				E96281A31A5F653000E1C603 /* ofxGLEditor.cpp */,
				E96281A41A5F653000E1C603 /* ofxGLEditor.h */,
				E96281A51A5F653000E1C603 /* ofxRepl.cpp */,
				E96281A61A5F653000E1C603 /* ofxRepl.h */,
				E96281A71A5F653000E1C603 /* Unicode.cpp */,
				E96281A81A5F653000E1C603 /* Unicode.h */,
			);
			path = src;
			sourceTree = "<group>";
		};
		F1F6E70C786CB409937E7F60 /* src */ = {
			isa = PBXGroup;
			children = (
				E96281531A5F5C9500E1C603 /* bindings */,
				DC94311C7CEBBF025EAB0087 /* ofxLua.cpp */,
				654D9D3FD3248EFA16D6DDFB /* ofxLua.h */,
				9BCCBA18FA85C5A2A68DC1E5 /* ofxLuaFileWriter.cpp */,
				E6197C6C6F1FCEB4F3565E7A /* ofxLuaFileWriter.h */,
			);
			name = src;
			sourceTree = "<group>";
		};
/* End PBXGroup section */

/* Begin PBXNativeTarget section */
		E4B69B5A0A3A1756003C02F2 /* LivecodingExamplewithofxLua */ = {
			isa = PBXNativeTarget;
			buildConfigurationList = E4B69B5F0A3A1757003C02F2 /* Build configuration list for PBXNativeTarget "LivecodingExamplewithofxLua" */;
			buildPhases = (
				E4B69B580A3A1756003C02F2 /* Sources */,
				E4B69B590A3A1756003C02F2 /* Frameworks */,
				E4B6FFFD0C3F9AB9008CF71C /* ShellScript */,
				E4C2427710CC5ABF004149E2 /* CopyFiles */,
			);
			buildRules = (
			);
			dependencies = (
				E4EEB9AC138B136A00A80321 /* PBXTargetDependency */,
			);
			name = LivecodingExamplewithofxLua;
			productName = myOFApp;
			productReference = E4B69B5B0A3A1756003C02F2 /* LivecodingExamplewithofxLuaDebug.app */;
			productType = "com.apple.product-type.application";
		};
/* End PBXNativeTarget section */

/* Begin PBXProject section */
		E4B69B4C0A3A1720003C02F2 /* Project object */ = {
			isa = PBXProject;
			attributes = {
				LastUpgradeCheck = 0460;
			};
			buildConfigurationList = E4B69B4D0A3A1720003C02F2 /* Build configuration list for PBXProject "LivecodingExamplewithofxLua" */;
			compatibilityVersion = "Xcode 3.2";
			developmentRegion = English;
			hasScannedForEncodings = 0;
			knownRegions = (
				English,
				Japanese,
				French,
				German,
			);
			mainGroup = E4B69B4A0A3A1720003C02F2;
			productRefGroup = E4B69B4A0A3A1720003C02F2;
			projectDirPath = "";
			projectReferences = (
				{
					ProductGroup = E962816A1A5F5C9F00E1C603 /* Products */;
					ProjectRef = E96281691A5F5C9F00E1C603 /* luabind.xcodeproj */;
				},
				{
					ProductGroup = E4328144138ABC890047C5CB /* Products */;
					ProjectRef = E4328143138ABC890047C5CB /* openFrameworksLib.xcodeproj */;
				},
			);
			projectRoot = "";
			targets = (
				E4B69B5A0A3A1756003C02F2 /* LivecodingExamplewithofxLua */,
			);
		};
/* End PBXProject section */

/* Begin PBXReferenceProxy section */
		E4328148138ABC890047C5CB /* openFrameworksDebug.a */ = {
			isa = PBXReferenceProxy;
			fileType = archive.ar;
			path = openFrameworksDebug.a;
			remoteRef = E4328147138ABC890047C5CB /* PBXContainerItemProxy */;
			sourceTree = BUILT_PRODUCTS_DIR;
		};
		E962816F1A5F5C9F00E1C603 /* liblua.a */ = {
			isa = PBXReferenceProxy;
			fileType = archive.ar;
			path = liblua.a;
			remoteRef = E962816E1A5F5C9F00E1C603 /* PBXContainerItemProxy */;
			sourceTree = BUILT_PRODUCTS_DIR;
		};
		E96281711A5F5C9F00E1C603 /* libluabind.a */ = {
			isa = PBXReferenceProxy;
			fileType = archive.ar;
			path = libluabind.a;
			remoteRef = E96281701A5F5C9F00E1C603 /* PBXContainerItemProxy */;
			sourceTree = BUILT_PRODUCTS_DIR;
		};
/* End PBXReferenceProxy section */

/* Begin PBXShellScriptBuildPhase section */
		E4B6FFFD0C3F9AB9008CF71C /* ShellScript */ = {
			isa = PBXShellScriptBuildPhase;
			buildActionMask = 2147483647;
			files = (
			);
			inputPaths = (
			);
			outputPaths = (
			);
			runOnlyForDeploymentPostprocessing = 0;
			shellPath = /bin/sh;
			shellScript = "cp -f ../../../libs/fmodex/lib/osx/libfmodex.dylib \"$TARGET_BUILD_DIR/$PRODUCT_NAME.app/Contents/MacOS/libfmodex.dylib\"; install_name_tool -change ./libfmodex.dylib @executable_path/libfmodex.dylib \"$TARGET_BUILD_DIR/$PRODUCT_NAME.app/Contents/MacOS/$PRODUCT_NAME\";\nmkdir -p \"$TARGET_BUILD_DIR/$PRODUCT_NAME.app/Contents/Resources/\"\ncp -f \"$ICON_FILE\" \"$TARGET_BUILD_DIR/$PRODUCT_NAME.app/Contents/Resources/\"\n";
		};
/* End PBXShellScriptBuildPhase section */

/* Begin PBXSourcesBuildPhase section */
		E4B69B580A3A1756003C02F2 /* Sources */ = {
			isa = PBXSourcesBuildPhase;
			buildActionMask = 2147483647;
			files = (
				E96281B11A5F653000E1C603 /* ofxFileDialog.cpp in Sources */,
				E962815F1A5F5C9500E1C603 /* 3d.cpp in Sources */,
				E96281631A5F5C9500E1C603 /* Graphics.cpp in Sources */,
				E4B69E200A3A1BDC003C02F2 /* main.cpp in Sources */,
				E96281661A5F5C9500E1C603 /* Types.cpp in Sources */,
				E96281621A5F5C9500E1C603 /* Gl.cpp in Sources */,
				E96281681A5F5C9500E1C603 /* Video.cpp in Sources */,
				E96281611A5F5C9500E1C603 /* Events.cpp in Sources */,
				E96281AF1A5F653000E1C603 /* ofxEditorColorScheme.cpp in Sources */,
				E4B69E210A3A1BDC003C02F2 /* ofApp.cpp in Sources */,
				E96281AE1A5F653000E1C603 /* ofxEditor.cpp in Sources */,
				E96281B01A5F653000E1C603 /* ofxEditorSettings.cpp in Sources */,
				E96281B41A5F653000E1C603 /* Unicode.cpp in Sources */,
				E96281651A5F5C9500E1C603 /* Sound.cpp in Sources */,
				E96281601A5F5C9500E1C603 /* App.cpp in Sources */,
				E96281671A5F5C9500E1C603 /* Utils.cpp in Sources */,
				CB6DAEA8EE562CFFA503375D /* ofxLua.cpp in Sources */,
				2991D66A82B2AF8F0DF2BBFD /* ofxLuaFileWriter.cpp in Sources */,
				E96281B31A5F653000E1C603 /* ofxRepl.cpp in Sources */,
				E96281641A5F5C9500E1C603 /* Math.cpp in Sources */,
				E96281B21A5F653000E1C603 /* ofxGLEditor.cpp in Sources */,
			);
			runOnlyForDeploymentPostprocessing = 0;
		};
/* End PBXSourcesBuildPhase section */

/* Begin PBXTargetDependency section */
		E4EEB9AC138B136A00A80321 /* PBXTargetDependency */ = {
			isa = PBXTargetDependency;
			name = openFrameworks;
			targetProxy = E4EEB9AB138B136A00A80321 /* PBXContainerItemProxy */;
		};
/* End PBXTargetDependency section */

/* Begin XCBuildConfiguration section */
		E4B69B4E0A3A1720003C02F2 /* Debug */ = {
			isa = XCBuildConfiguration;
			baseConfigurationReference = E4EB6923138AFD0F00A09F29 /* Project.xcconfig */;
			buildSettings = {
				ARCHS = "$(NATIVE_ARCH)";
				CONFIGURATION_BUILD_DIR = "$(SRCROOT)/bin/";
				COPY_PHASE_STRIP = NO;
				DEAD_CODE_STRIPPING = YES;
				GCC_AUTO_VECTORIZATION = YES;
				GCC_ENABLE_SSE3_EXTENSIONS = YES;
				GCC_ENABLE_SUPPLEMENTAL_SSE3_INSTRUCTIONS = YES;
				GCC_INLINES_ARE_PRIVATE_EXTERN = NO;
				GCC_OPTIMIZATION_LEVEL = 0;
				GCC_SYMBOLS_PRIVATE_EXTERN = NO;
				GCC_WARN_ABOUT_DEPRECATED_FUNCTIONS = YES;
				GCC_WARN_ABOUT_INVALID_OFFSETOF_MACRO = NO;
				GCC_WARN_ALLOW_INCOMPLETE_PROTOCOL = NO;
				GCC_WARN_UNINITIALIZED_AUTOS = NO;
				GCC_WARN_UNUSED_VALUE = NO;
				GCC_WARN_UNUSED_VARIABLE = NO;
				HEADER_SEARCH_PATHS = (
					"$(OF_CORE_HEADERS)",
					src,
					src/ios,
					../../../addons/ofxLua/libs,
					../../../addons/ofxLua/libs/boost,
					../../../addons/ofxLua/libs/lua,
					../../../addons/ofxLua/libs/luabind,
					"../../../addons/ofxLua/libs/luabind-ios.xcodeproj",
					"../../../addons/ofxLua/libs/luabind-ios.xcodeproj/project.xcworkspace",
					"../../../addons/ofxLua/libs/luabind-ios.xcodeproj/project.xcworkspace/xcuserdata",
					"../../../addons/ofxLua/libs/luabind-ios.xcodeproj/project.xcworkspace/xcuserdata/dano.xcuserdatad",
					"../../../addons/ofxLua/libs/luabind-ios.xcodeproj/xcuserdata",
					"../../../addons/ofxLua/libs/luabind-ios.xcodeproj/xcuserdata/dano.xcuserdatad",
					"../../../addons/ofxLua/libs/luabind-ios.xcodeproj/xcuserdata/dano.xcuserdatad/xcschemes",
					../../../addons/ofxLua/libs/luabind.xcodeproj,
					../../../addons/ofxLua/libs/luabind.xcodeproj/project.xcworkspace,
					../../../addons/ofxLua/libs/luabind.xcodeproj/project.xcworkspace/xcuserdata,
					../../../addons/ofxLua/libs/luabind.xcodeproj/project.xcworkspace/xcuserdata/dano.xcuserdatad,
					../../../addons/ofxLua/libs/luabind.xcodeproj/xcuserdata,
					../../../addons/ofxLua/libs/luabind.xcodeproj/xcuserdata/dano.xcuserdatad,
					../../../addons/ofxLua/libs/luabind.xcodeproj/xcuserdata/dano.xcuserdatad/xcschemes,
					../../../addons/ofxLua/src,
					../../../addons/ofxLua/src,
					../../../addons/ofxLua/libs/lua,
					../../../addons/ofxLua/libs/luabind,
				);
				MACOSX_DEPLOYMENT_TARGET = 10.6;
				OTHER_CPLUSPLUSFLAGS = (
					"-D__MACOSX_CORE__",
					"-lpthread",
					"-mtune=native",
				);
				SDKROOT = macosx;
			};
			name = Debug;
		};
		E4B69B4F0A3A1720003C02F2 /* Release */ = {
			isa = XCBuildConfiguration;
			baseConfigurationReference = E4EB6923138AFD0F00A09F29 /* Project.xcconfig */;
			buildSettings = {
				ARCHS = "$(NATIVE_ARCH)";
				CONFIGURATION_BUILD_DIR = "$(SRCROOT)/bin/";
				COPY_PHASE_STRIP = YES;
				DEAD_CODE_STRIPPING = YES;
				GCC_AUTO_VECTORIZATION = YES;
				GCC_ENABLE_SSE3_EXTENSIONS = YES;
				GCC_ENABLE_SUPPLEMENTAL_SSE3_INSTRUCTIONS = YES;
				GCC_INLINES_ARE_PRIVATE_EXTERN = NO;
				GCC_OPTIMIZATION_LEVEL = 3;
				GCC_SYMBOLS_PRIVATE_EXTERN = NO;
				GCC_UNROLL_LOOPS = YES;
				GCC_WARN_ABOUT_DEPRECATED_FUNCTIONS = YES;
				GCC_WARN_ABOUT_INVALID_OFFSETOF_MACRO = NO;
				GCC_WARN_ALLOW_INCOMPLETE_PROTOCOL = NO;
				GCC_WARN_UNINITIALIZED_AUTOS = NO;
				GCC_WARN_UNUSED_VALUE = NO;
				GCC_WARN_UNUSED_VARIABLE = NO;
				HEADER_SEARCH_PATHS = (
					"$(OF_CORE_HEADERS)",
					src,
					src/ios,
					../../../addons/ofxLua/libs,
					../../../addons/ofxLua/libs/boost,
					../../../addons/ofxLua/libs/lua,
					../../../addons/ofxLua/libs/luabind,
					"../../../addons/ofxLua/libs/luabind-ios.xcodeproj",
					"../../../addons/ofxLua/libs/luabind-ios.xcodeproj/project.xcworkspace",
					"../../../addons/ofxLua/libs/luabind-ios.xcodeproj/project.xcworkspace/xcuserdata",
					"../../../addons/ofxLua/libs/luabind-ios.xcodeproj/project.xcworkspace/xcuserdata/dano.xcuserdatad",
					"../../../addons/ofxLua/libs/luabind-ios.xcodeproj/xcuserdata",
					"../../../addons/ofxLua/libs/luabind-ios.xcodeproj/xcuserdata/dano.xcuserdatad",
					"../../../addons/ofxLua/libs/luabind-ios.xcodeproj/xcuserdata/dano.xcuserdatad/xcschemes",
					../../../addons/ofxLua/libs/luabind.xcodeproj,
					../../../addons/ofxLua/libs/luabind.xcodeproj/project.xcworkspace,
					../../../addons/ofxLua/libs/luabind.xcodeproj/project.xcworkspace/xcuserdata,
					../../../addons/ofxLua/libs/luabind.xcodeproj/project.xcworkspace/xcuserdata/dano.xcuserdatad,
					../../../addons/ofxLua/libs/luabind.xcodeproj/xcuserdata,
					../../../addons/ofxLua/libs/luabind.xcodeproj/xcuserdata/dano.xcuserdatad,
					../../../addons/ofxLua/libs/luabind.xcodeproj/xcuserdata/dano.xcuserdatad/xcschemes,
					../../../addons/ofxLua/src,
					../../../addons/ofxLua/src,
					../../../addons/ofxLua/libs/lua,
					../../../addons/ofxLua/libs/luabind,
				);
				MACOSX_DEPLOYMENT_TARGET = 10.6;
				OTHER_CPLUSPLUSFLAGS = (
					"-D__MACOSX_CORE__",
					"-lpthread",
					"-mtune=native",
				);
				SDKROOT = macosx;
			};
			name = Release;
		};
		E4B69B600A3A1757003C02F2 /* Debug */ = {
			isa = XCBuildConfiguration;
			buildSettings = {
				ARCHS = "$(ARCHS_STANDARD_32_BIT)";
				COMBINE_HIDPI_IMAGES = YES;
				COPY_PHASE_STRIP = NO;
				FRAMEWORK_SEARCH_PATHS = (
					"$(inherited)",
					"$(FRAMEWORK_SEARCH_PATHS_QUOTED_FOR_TARGET_1)",
				);
				FRAMEWORK_SEARCH_PATHS_QUOTED_FOR_TARGET_1 = "\"$(SRCROOT)/../../../libs/glut/lib/osx\"";
				GCC_DYNAMIC_NO_PIC = NO;
				GCC_GENERATE_DEBUGGING_SYMBOLS = YES;
				GCC_MODEL_TUNING = NONE;
				HEADER_SEARCH_PATHS = (
					"$(OF_CORE_HEADERS)",
					src,
					src/ios,
					../../../addons/ofxLua/libs,
					../../../addons/ofxLua/libs/boost,
					../../../addons/ofxLua/libs/lua,
					../../../addons/ofxLua/libs/luabind,
					"../../../addons/ofxLua/libs/luabind-ios.xcodeproj",
					"../../../addons/ofxLua/libs/luabind-ios.xcodeproj/project.xcworkspace",
					"../../../addons/ofxLua/libs/luabind-ios.xcodeproj/project.xcworkspace/xcuserdata",
					"../../../addons/ofxLua/libs/luabind-ios.xcodeproj/project.xcworkspace/xcuserdata/dano.xcuserdatad",
					"../../../addons/ofxLua/libs/luabind-ios.xcodeproj/xcuserdata",
					"../../../addons/ofxLua/libs/luabind-ios.xcodeproj/xcuserdata/dano.xcuserdatad",
					"../../../addons/ofxLua/libs/luabind-ios.xcodeproj/xcuserdata/dano.xcuserdatad/xcschemes",
					../../../addons/ofxLua/libs/luabind.xcodeproj,
					../../../addons/ofxLua/libs/luabind.xcodeproj/project.xcworkspace,
					../../../addons/ofxLua/libs/luabind.xcodeproj/project.xcworkspace/xcuserdata,
					../../../addons/ofxLua/libs/luabind.xcodeproj/project.xcworkspace/xcuserdata/dano.xcuserdatad,
					../../../addons/ofxLua/libs/luabind.xcodeproj/xcuserdata,
					../../../addons/ofxLua/libs/luabind.xcodeproj/xcuserdata/dano.xcuserdatad,
					../../../addons/ofxLua/libs/luabind.xcodeproj/xcuserdata/dano.xcuserdatad/xcschemes,
					../../../addons/ofxLua/src,
					../../../addons/ofxLua/src,
					../../../addons/ofxLua/libs/lua/lua,
					../../../addons/ofxLua/libs/luabind,
					/usr/local/include,
				);
				ICON = "$(ICON_NAME_DEBUG)";
				ICON_FILE = "$(ICON_FILE_PATH)$(ICON)";
				INFOPLIST_FILE = "openFrameworks-Info.plist";
				INSTALL_PATH = "$(HOME)/Applications";
				LIBRARY_SEARCH_PATHS = (
					"$(inherited)",
					"$(LIBRARY_SEARCH_PATHS_QUOTED_FOR_TARGET_1)",
					"$(LIBRARY_SEARCH_PATHS_QUOTED_FOR_TARGET_2)",
					"$(LIBRARY_SEARCH_PATHS_QUOTED_FOR_TARGET_3)",
					"$(LIBRARY_SEARCH_PATHS_QUOTED_FOR_TARGET_4)",
					"$(LIBRARY_SEARCH_PATHS_QUOTED_FOR_TARGET_5)",
					"$(LIBRARY_SEARCH_PATHS_QUOTED_FOR_TARGET_6)",
					"$(LIBRARY_SEARCH_PATHS_QUOTED_FOR_TARGET_7)",
					"$(LIBRARY_SEARCH_PATHS_QUOTED_FOR_TARGET_8)",
					"$(LIBRARY_SEARCH_PATHS_QUOTED_FOR_TARGET_9)",
					"$(LIBRARY_SEARCH_PATHS_QUOTED_FOR_TARGET_10)",
					"$(LIBRARY_SEARCH_PATHS_QUOTED_FOR_TARGET_11)",
					"$(LIBRARY_SEARCH_PATHS_QUOTED_FOR_TARGET_12)",
					"$(LIBRARY_SEARCH_PATHS_QUOTED_FOR_TARGET_13)",
					"$(LIBRARY_SEARCH_PATHS_QUOTED_FOR_TARGET_14)",
					"$(LIBRARY_SEARCH_PATHS_QUOTED_FOR_TARGET_15)",
					"$(LIBRARY_SEARCH_PATHS_QUOTED_FOR_TARGET_2)",
					"$(LIBRARY_SEARCH_PATHS_QUOTED_FOR_TARGET_3)",
					"$(LIBRARY_SEARCH_PATHS_QUOTED_FOR_TARGET_7)",
					"$(LIBRARY_SEARCH_PATHS_QUOTED_FOR_TARGET_8)",
					"$(LIBRARY_SEARCH_PATHS_QUOTED_FOR_TARGET_9)",
					"$(LIBRARY_SEARCH_PATHS_QUOTED_FOR_TARGET_10)",
					"$(LIBRARY_SEARCH_PATHS_QUOTED_FOR_TARGET_11)",
					"$(LIBRARY_SEARCH_PATHS_QUOTED_FOR_TARGET_12)",
					"$(LIBRARY_SEARCH_PATHS_QUOTED_FOR_TARGET_13)",
					"$(LIBRARY_SEARCH_PATHS_QUOTED_FOR_TARGET_16)",
					"$(LIBRARY_SEARCH_PATHS_QUOTED_FOR_TARGET_17)",
					"$(LIBRARY_SEARCH_PATHS_QUOTED_FOR_TARGET_18)",
					"$(LIBRARY_SEARCH_PATHS_QUOTED_FOR_TARGET_19)",
					"$(LIBRARY_SEARCH_PATHS_QUOTED_FOR_TARGET_20)",
					"$(LIBRARY_SEARCH_PATHS_QUOTED_FOR_TARGET_21)",
					"$(LIBRARY_SEARCH_PATHS_QUOTED_FOR_TARGET_22)",
					"$(LIBRARY_SEARCH_PATHS_QUOTED_FOR_TARGET_23)",
					"$(LIBRARY_SEARCH_PATHS_QUOTED_FOR_TARGET_24)",
					"$(LIBRARY_SEARCH_PATHS_QUOTED_FOR_TARGET_25)",
					"$(LIBRARY_SEARCH_PATHS_QUOTED_FOR_TARGET_26)",
					"$(LIBRARY_SEARCH_PATHS_QUOTED_FOR_TARGET_27)",
					"$(LIBRARY_SEARCH_PATHS_QUOTED_FOR_TARGET_28)",
					"$(LIBRARY_SEARCH_PATHS_QUOTED_FOR_TARGET_29)",
					"$(LIBRARY_SEARCH_PATHS_QUOTED_FOR_TARGET_30)",
					"$(LIBRARY_SEARCH_PATHS_QUOTED_FOR_TARGET_31)",
					"$(LIBRARY_SEARCH_PATHS_QUOTED_FOR_TARGET_32)",
					"$(LIBRARY_SEARCH_PATHS_QUOTED_FOR_TARGET_33)",
					"$(LIBRARY_SEARCH_PATHS_QUOTED_FOR_TARGET_34)",
					"$(LIBRARY_SEARCH_PATHS_QUOTED_FOR_TARGET_35)",
					"$(LIBRARY_SEARCH_PATHS_QUOTED_FOR_TARGET_36)",
					"$(LIBRARY_SEARCH_PATHS_QUOTED_FOR_TARGET_37)",
					"$(LIBRARY_SEARCH_PATHS_QUOTED_FOR_TARGET_38)",
					"$(LIBRARY_SEARCH_PATHS_QUOTED_FOR_TARGET_39)",
					"$(LIBRARY_SEARCH_PATHS_QUOTED_FOR_TARGET_40)",
					"$(LIBRARY_SEARCH_PATHS_QUOTED_FOR_TARGET_41)",
					"$(LIBRARY_SEARCH_PATHS_QUOTED_FOR_TARGET_42)",
					"$(LIBRARY_SEARCH_PATHS_QUOTED_FOR_TARGET_43)",
					"$(LIBRARY_SEARCH_PATHS_QUOTED_FOR_TARGET_44)",
					"$(LIBRARY_SEARCH_PATHS_QUOTED_FOR_TARGET_45)",
					"$(LIBRARY_SEARCH_PATHS_QUOTED_FOR_TARGET_46)",
					"$(LIBRARY_SEARCH_PATHS_QUOTED_FOR_TARGET_47)",
					"$(LIBRARY_SEARCH_PATHS_QUOTED_FOR_TARGET_48)",
					"$(LIBRARY_SEARCH_PATHS_QUOTED_FOR_TARGET_49)",
					"$(LIBRARY_SEARCH_PATHS_QUOTED_FOR_TARGET_50)",
					"$(LIBRARY_SEARCH_PATHS_QUOTED_FOR_TARGET_51)",
					"$(LIBRARY_SEARCH_PATHS_QUOTED_FOR_TARGET_52)",
				);
				PRODUCT_NAME = LivecodingExamplewithofxLuaDebug;
				WRAPPER_EXTENSION = app;
			};
			name = Debug;
		};
		E4B69B610A3A1757003C02F2 /* Release */ = {
			isa = XCBuildConfiguration;
			buildSettings = {
				ARCHS = "$(ARCHS_STANDARD_32_BIT)";
				COMBINE_HIDPI_IMAGES = YES;
				COPY_PHASE_STRIP = YES;
				FRAMEWORK_SEARCH_PATHS = (
					"$(inherited)",
					"$(FRAMEWORK_SEARCH_PATHS_QUOTED_FOR_TARGET_1)",
				);
				FRAMEWORK_SEARCH_PATHS_QUOTED_FOR_TARGET_1 = "\"$(SRCROOT)/../../../libs/glut/lib/osx\"";
				GCC_GENERATE_DEBUGGING_SYMBOLS = YES;
				GCC_MODEL_TUNING = NONE;
				HEADER_SEARCH_PATHS = (
					"$(OF_CORE_HEADERS)",
					src,
					src/ios,
					../../../addons/ofxLua/libs,
					../../../addons/ofxLua/libs/boost,
					../../../addons/ofxLua/libs/lua,
					../../../addons/ofxLua/libs/luabind,
					"../../../addons/ofxLua/libs/luabind-ios.xcodeproj",
					"../../../addons/ofxLua/libs/luabind-ios.xcodeproj/project.xcworkspace",
					"../../../addons/ofxLua/libs/luabind-ios.xcodeproj/project.xcworkspace/xcuserdata",
					"../../../addons/ofxLua/libs/luabind-ios.xcodeproj/project.xcworkspace/xcuserdata/dano.xcuserdatad",
					"../../../addons/ofxLua/libs/luabind-ios.xcodeproj/xcuserdata",
					"../../../addons/ofxLua/libs/luabind-ios.xcodeproj/xcuserdata/dano.xcuserdatad",
					"../../../addons/ofxLua/libs/luabind-ios.xcodeproj/xcuserdata/dano.xcuserdatad/xcschemes",
					../../../addons/ofxLua/libs/luabind.xcodeproj,
					../../../addons/ofxLua/libs/luabind.xcodeproj/project.xcworkspace,
					../../../addons/ofxLua/libs/luabind.xcodeproj/project.xcworkspace/xcuserdata,
					../../../addons/ofxLua/libs/luabind.xcodeproj/project.xcworkspace/xcuserdata/dano.xcuserdatad,
					../../../addons/ofxLua/libs/luabind.xcodeproj/xcuserdata,
					../../../addons/ofxLua/libs/luabind.xcodeproj/xcuserdata/dano.xcuserdatad,
					../../../addons/ofxLua/libs/luabind.xcodeproj/xcuserdata/dano.xcuserdatad/xcschemes,
					../../../addons/ofxLua/src,
					../../../addons/ofxLua/src,
					../../../addons/ofxLua/libs/lua/lua,
					../../../addons/ofxLua/libs/luabind,
					/usr/local/include,
				);
				ICON = "$(ICON_NAME_RELEASE)";
				ICON_FILE = "$(ICON_FILE_PATH)$(ICON)";
				INFOPLIST_FILE = "openFrameworks-Info.plist";
				INSTALL_PATH = "$(HOME)/Applications";
				LIBRARY_SEARCH_PATHS = (
					"$(inherited)",
					"$(LIBRARY_SEARCH_PATHS_QUOTED_FOR_TARGET_1)",
					"$(LIBRARY_SEARCH_PATHS_QUOTED_FOR_TARGET_2)",
					"$(LIBRARY_SEARCH_PATHS_QUOTED_FOR_TARGET_3)",
					"$(LIBRARY_SEARCH_PATHS_QUOTED_FOR_TARGET_4)",
					"$(LIBRARY_SEARCH_PATHS_QUOTED_FOR_TARGET_5)",
					"$(LIBRARY_SEARCH_PATHS_QUOTED_FOR_TARGET_6)",
					"$(LIBRARY_SEARCH_PATHS_QUOTED_FOR_TARGET_7)",
					"$(LIBRARY_SEARCH_PATHS_QUOTED_FOR_TARGET_8)",
					"$(LIBRARY_SEARCH_PATHS_QUOTED_FOR_TARGET_9)",
					"$(LIBRARY_SEARCH_PATHS_QUOTED_FOR_TARGET_10)",
					"$(LIBRARY_SEARCH_PATHS_QUOTED_FOR_TARGET_11)",
					"$(LIBRARY_SEARCH_PATHS_QUOTED_FOR_TARGET_12)",
					"$(LIBRARY_SEARCH_PATHS_QUOTED_FOR_TARGET_13)",
					"$(LIBRARY_SEARCH_PATHS_QUOTED_FOR_TARGET_14)",
					"$(LIBRARY_SEARCH_PATHS_QUOTED_FOR_TARGET_15)",
					"$(LIBRARY_SEARCH_PATHS_QUOTED_FOR_TARGET_2)",
					"$(LIBRARY_SEARCH_PATHS_QUOTED_1)",
					"$(LIBRARY_SEARCH_PATHS_QUOTED_FOR_TARGET_3)",
					"$(LIBRARY_SEARCH_PATHS_QUOTED_FOR_TARGET_7)",
					"$(LIBRARY_SEARCH_PATHS_QUOTED_FOR_TARGET_8)",
					"$(LIBRARY_SEARCH_PATHS_QUOTED_FOR_TARGET_9)",
					"$(LIBRARY_SEARCH_PATHS_QUOTED_FOR_TARGET_10)",
					"$(LIBRARY_SEARCH_PATHS_QUOTED_FOR_TARGET_11)",
					"$(LIBRARY_SEARCH_PATHS_QUOTED_FOR_TARGET_12)",
					"$(LIBRARY_SEARCH_PATHS_QUOTED_FOR_TARGET_13)",
					"$(LIBRARY_SEARCH_PATHS_QUOTED_FOR_TARGET_16)",
					"$(LIBRARY_SEARCH_PATHS_QUOTED_FOR_TARGET_17)",
					"$(LIBRARY_SEARCH_PATHS_QUOTED_FOR_TARGET_18)",
					"$(LIBRARY_SEARCH_PATHS_QUOTED_FOR_TARGET_19)",
					"$(LIBRARY_SEARCH_PATHS_QUOTED_FOR_TARGET_20)",
					"$(LIBRARY_SEARCH_PATHS_QUOTED_FOR_TARGET_21)",
					"$(LIBRARY_SEARCH_PATHS_QUOTED_FOR_TARGET_22)",
					"$(LIBRARY_SEARCH_PATHS_QUOTED_FOR_TARGET_23)",
					"$(LIBRARY_SEARCH_PATHS_QUOTED_FOR_TARGET_24)",
					"$(LIBRARY_SEARCH_PATHS_QUOTED_FOR_TARGET_25)",
					"$(LIBRARY_SEARCH_PATHS_QUOTED_FOR_TARGET_26)",
					"$(LIBRARY_SEARCH_PATHS_QUOTED_FOR_TARGET_27)",
					"$(LIBRARY_SEARCH_PATHS_QUOTED_FOR_TARGET_28)",
					"$(LIBRARY_SEARCH_PATHS_QUOTED_FOR_TARGET_29)",
					"$(LIBRARY_SEARCH_PATHS_QUOTED_FOR_TARGET_30)",
					"$(LIBRARY_SEARCH_PATHS_QUOTED_FOR_TARGET_31)",
					"$(LIBRARY_SEARCH_PATHS_QUOTED_FOR_TARGET_32)",
					"$(LIBRARY_SEARCH_PATHS_QUOTED_FOR_TARGET_33)",
					"$(LIBRARY_SEARCH_PATHS_QUOTED_FOR_TARGET_34)",
					"$(LIBRARY_SEARCH_PATHS_QUOTED_FOR_TARGET_35)",
					"$(LIBRARY_SEARCH_PATHS_QUOTED_FOR_TARGET_36)",
					"$(LIBRARY_SEARCH_PATHS_QUOTED_FOR_TARGET_37)",
					"$(LIBRARY_SEARCH_PATHS_QUOTED_FOR_TARGET_38)",
					"$(LIBRARY_SEARCH_PATHS_QUOTED_FOR_TARGET_39)",
					"$(LIBRARY_SEARCH_PATHS_QUOTED_FOR_TARGET_40)",
					"$(LIBRARY_SEARCH_PATHS_QUOTED_FOR_TARGET_41)",
					"$(LIBRARY_SEARCH_PATHS_QUOTED_FOR_TARGET_42)",
					"$(LIBRARY_SEARCH_PATHS_QUOTED_FOR_TARGET_43)",
					"$(LIBRARY_SEARCH_PATHS_QUOTED_FOR_TARGET_44)",
					"$(LIBRARY_SEARCH_PATHS_QUOTED_FOR_TARGET_45)",
					"$(LIBRARY_SEARCH_PATHS_QUOTED_FOR_TARGET_46)",
					"$(LIBRARY_SEARCH_PATHS_QUOTED_FOR_TARGET_47)",
					"$(LIBRARY_SEARCH_PATHS_QUOTED_FOR_TARGET_48)",
					"$(LIBRARY_SEARCH_PATHS_QUOTED_FOR_TARGET_49)",
					"$(LIBRARY_SEARCH_PATHS_QUOTED_FOR_TARGET_50)",
					"$(LIBRARY_SEARCH_PATHS_QUOTED_FOR_TARGET_51)",
				);
				PRODUCT_NAME = LivecodingExamplewithofxLua;
				WRAPPER_EXTENSION = app;
			};
			name = Release;
		};
/* End XCBuildConfiguration section */

/* Begin XCConfigurationList section */
		E4B69B4D0A3A1720003C02F2 /* Build configuration list for PBXProject "LivecodingExamplewithofxLua" */ = {
			isa = XCConfigurationList;
			buildConfigurations = (
				E4B69B4E0A3A1720003C02F2 /* Debug */,
				E4B69B4F0A3A1720003C02F2 /* Release */,
			);
			defaultConfigurationIsVisible = 0;
			defaultConfigurationName = Release;
		};
		E4B69B5F0A3A1757003C02F2 /* Build configuration list for PBXNativeTarget "LivecodingExamplewithofxLua" */ = {
			isa = XCConfigurationList;
			buildConfigurations = (
				E4B69B600A3A1757003C02F2 /* Debug */,
				E4B69B610A3A1757003C02F2 /* Release */,
			);
			defaultConfigurationIsVisible = 0;
			defaultConfigurationName = Release;
		};
/* End XCConfigurationList section */
	};
	rootObject = E4B69B4C0A3A1720003C02F2 /* Project object */;
}
